
Microsoft Visual Studio Solution File, Format Version 12.00
# Visual Studio Version 17
VisualStudioVersion = 17.9.34607.119
MinimumVisualStudioVersion = 10.0.40219.1
Project("{888888A0-9F3D-457C-B088-3A5042F75D52}") = "logs_a_u.oper_1", "logs_a_u.oper_1.pyproj", "{7CA42108-9182-4D03-8715-EC574B56534D}"
EndProject
Global
	GlobalSection(SolutionConfigurationPlatforms) = preSolution
		Debug|Any CPU = Debug|Any CPU
		Release|Any CPU = Release|Any CPU
	EndGlobalSection
	GlobalSection(ProjectConfigurationPlatforms) = postSolution
		{7CA42108-9182-4D03-8715-EC574B56534D}.Debug|Any CPU.ActiveCfg = Debug|Any CPU
		{7CA42108-9182-4D03-8715-EC574B56534D}.Release|Any CPU.ActiveCfg = Release|Any CPU
	EndGlobalSection
	GlobalSection(SolutionProperties) = preSolution
		HideSolutionNode = FALSE
	EndGlobalSection
	GlobalSection(ExtensibilityGlobals) = postSolution
		SolutionGuid = {9EECF849-9801-428A-890F-6C2BF221C057}
	EndGlobalSection
EndGlobal
